
Microsoft Visual Studio Solution File, Format Version 12.00
# Visual Studio Version 16
VisualStudioVersion = 16.0.29021.104
MinimumVisualStudioVersion = 10.0.40219.1
Project("{9A19103F-16F7-4668-BE54-9A1E7A4F7556}") = "Idfy.Blazor.DemoSite.Server", "Idfy.Blazor.DemoSite.Server\Idfy.Blazor.DemoSite.Server.csproj", "{D7C6CE04-51B5-4610-A9F3-3C9D7FB0948F}"
EndProject
Project("{9A19103F-16F7-4668-BE54-9A1E7A4F7556}") = "Idfy.Blazor.DemoSite.Client", "Idfy.Blazor.DemoSite.Client\Idfy.Blazor.DemoSite.Client.csproj", "{EDA93B75-2EE6-4512-9F0C-9ED861AAE10D}"
EndProject
Project("{9A19103F-16F7-4668-BE54-9A1E7A4F7556}") = "Idfy.Blazor.DemoSite.Shared", "Idfy.Blazor.DemoSite.Shared\Idfy.Blazor.DemoSite.Shared.csproj", "{5B62AE01-5F37-4F6C-B834-6F8772EB4603}"
EndProject
Global
	GlobalSection(SolutionConfigurationPlatforms) = preSolution
		Debug|Any CPU = Debug|Any CPU
		Release|Any CPU = Release|Any CPU
	EndGlobalSection
	GlobalSection(ProjectConfigurationPlatforms) = postSolution
		{D7C6CE04-51B5-4610-A9F3-3C9D7FB0948F}.Debug|Any CPU.ActiveCfg = Debug|Any CPU
		{D7C6CE04-51B5-4610-A9F3-3C9D7FB0948F}.Debug|Any CPU.Build.0 = Debug|Any CPU
		{D7C6CE04-51B5-4610-A9F3-3C9D7FB0948F}.Release|Any CPU.ActiveCfg = Release|Any CPU
		{D7C6CE04-51B5-4610-A9F3-3C9D7FB0948F}.Release|Any CPU.Build.0 = Release|Any CPU
		{EDA93B75-2EE6-4512-9F0C-9ED861AAE10D}.Debug|Any CPU.ActiveCfg = Debug|Any CPU
		{EDA93B75-2EE6-4512-9F0C-9ED861AAE10D}.Debug|Any CPU.Build.0 = Debug|Any CPU
		{EDA93B75-2EE6-4512-9F0C-9ED861AAE10D}.Release|Any CPU.ActiveCfg = Release|Any CPU
		{EDA93B75-2EE6-4512-9F0C-9ED861AAE10D}.Release|Any CPU.Build.0 = Release|Any CPU
		{5B62AE01-5F37-4F6C-B834-6F8772EB4603}.Debug|Any CPU.ActiveCfg = Debug|Any CPU
		{5B62AE01-5F37-4F6C-B834-6F8772EB4603}.Debug|Any CPU.Build.0 = Debug|Any CPU
		{5B62AE01-5F37-4F6C-B834-6F8772EB4603}.Release|Any CPU.ActiveCfg = Release|Any CPU
		{5B62AE01-5F37-4F6C-B834-6F8772EB4603}.Release|Any CPU.Build.0 = Release|Any CPU
	EndGlobalSection
	GlobalSection(SolutionProperties) = preSolution
		HideSolutionNode = FALSE
	EndGlobalSection
	GlobalSection(ExtensibilityGlobals) = postSolution
		SolutionGuid = {FAD89A0E-FA10-4C95-B67D-2EB148759570}
	EndGlobalSection
EndGlobal
